{
  "version": 4,
  "terraform_version": "1.15.5",
  "serial": 14,
  "lineage": "a3c82e10-9ba0-e18f-b32b-cac6bb10cd61",
  "outputs": {
    "acr_login_server": {
      "value": "acrtaskapptayyaba.azurecr.io",
      "type": "string"
    },
    "backend_url": {
      "value": "app-taskapp-backend-tayyaba.azurewebsites.net",
      "type": "string"
    },
    "frontend_url": {
      "value": "mango-ground-054c15a00.7.azurestaticapps.net",
      "type": "string"
    },
    "sql_server_fqdn": {
      "value": "sql-taskapp-tayyaba.database.windows.net",
      "type": "string"
    }
  },
  "resources": [
    {
      "mode": "managed",
      "type": "azurerm_container_registry",
      "name": "acr",
      "provider": "provider[\"registry.terraform.io/hashicorp/azurerm\"]",
      "instances": [
        {
          "schema_version": 2,
          "attributes": {
            "admin_enabled": true,
            "admin_password": "FZMls40MLOEHk7gX6Rib7FdAxfNRKigsL6iO4gdb4ndJVxl9pD3zJQQJ99CFACGhslBEqg7NAAACAZCRe4H0",
            "admin_username": "acrtaskapptayyaba",
            "anonymous_pull_enabled": false,
            "data_endpoint_enabled": false,
            "encryption": [
              {
                "enabled": false,
                "identity_client_id": "",
                "key_vault_key_id": ""
              }
            ],
            "export_policy_enabled": true,
            "georeplications": [],
            "id": "/subscriptions/afc81c1a-7713-4702-8fba-2636260fe13c/resourceGroups/rg-taskapp-tayyaba/providers/Microsoft.ContainerRegistry/registries/acrtaskapptayyaba",
            "identity": [],
            "location": "centralindia",
            "login_server": "acrtaskapptayyaba.azurecr.io",
            "name": "acrtaskapptayyaba",
            "network_rule_bypass_option": "AzureServices",
            "network_rule_set": [],
            "public_network_access_enabled": true,
            "quarantine_policy_enabled": false,
            "resource_group_name": "rg-taskapp-tayyaba",
            "retention_policy": [
              {
                "days": 7,
                "enabled": false
              }
            ],
            "sku": "Basic",
            "tags": null,
            "timeouts": null,
            "trust_policy": [
              {
                "enabled": false
              }
            ],
            "zone_redundancy_enabled": false
          },
          "sensitive_attributes": [
            [
              {
                "type": "get_attr",
                "value": "admin_password"
              }
            ]
          ],
          "identity_schema_version": 0,
          "private": "eyJlMmJmYjczMC1lY2FhLTExZTYtOGY4OC0zNDM2M2JjN2M0YzAiOnsiY3JlYXRlIjoxODAwMDAwMDAwMDAwLCJkZWxldGUiOjE4MDAwMDAwMDAwMDAsInJlYWQiOjMwMDAwMDAwMDAwMCwidXBkYXRlIjoxODAwMDAwMDAwMDAwfSwic2NoZW1hX3ZlcnNpb24iOiIyIn0=",
          "dependencies": [
            "azurerm_resource_group.rg"
          ]
        }
      ]
    },
    {
      "mode": "managed",
      "type": "azurerm_linux_web_app",
      "name": "backend",
      "provider": "provider[\"registry.terraform.io/hashicorp/azurerm\"]",
      "instances": [
        {
          "schema_version": 1,
          "attributes": {
            "app_settings": {
              "DB_HOST": "sql-taskapp-tayyaba.database.windows.net",
              "DB_NAME": "db-taskapp",
              "DB_PASSWORD": "TaskApp@2024!",
              "DB_USER": "sqladmin",
              "PORT": "3001",
              "WEBSITES_PORT": "3001"
            },
            "auth_settings": [],
            "auth_settings_v2": [],
            "backup": [],
            "client_affinity_enabled": false,
            "client_certificate_enabled": false,
            "client_certificate_exclusion_paths": "",
            "client_certificate_mode": "Required",
            "connection_string": [],
            "custom_domain_verification_id": "2882E00D2DA7C0AA83AEB25B1E58627E80A6D5ED6303A7843C175A368E2AE101",
            "default_hostname": "app-taskapp-backend-tayyaba.azurewebsites.net",
            "enabled": true,
            "ftp_publish_basic_authentication_enabled": true,
            "hosting_environment_id": "",
            "https_only": false,
            "id": "/subscriptions/afc81c1a-7713-4702-8fba-2636260fe13c/resourceGroups/rg-taskapp-tayyaba/providers/Microsoft.Web/sites/app-taskapp-backend-tayyaba",
            "identity": [],
            "key_vault_reference_identity_id": "SystemAssigned",
            "kind": "app,linux,container",
            "location": "centralindia",
            "logs": [],
            "name": "app-taskapp-backend-tayyaba",
            "outbound_ip_address_list": [
              "20.219.172.33",
              "20.219.172.222",
              "20.219.172.232",
              "20.219.172.234",
              "20.219.173.8",
              "20.219.173.11",
              "20.204.238.158",
              "20.204.238.240",
              "20.204.239.24",
              "20.204.239.60",
              "20.204.239.243",
              "20.207.65.31",
              "20.192.170.13"
            ],
            "outbound_ip_addresses": "20.219.172.33,20.219.172.222,20.219.172.232,20.219.172.234,20.219.173.8,20.219.173.11,20.204.238.158,20.204.238.240,20.204.239.24,20.204.239.60,20.204.239.243,20.207.65.31,20.192.170.13",
            "possible_outbound_ip_address_list": [
              "20.219.172.33",
              "20.219.172.222",
              "20.219.172.232",
              "20.219.172.234",
              "20.219.173.8",
              "20.219.173.11",
              "20.204.238.158",
              "20.204.238.240",
              "20.204.239.24",
              "20.204.239.60",
              "20.204.239.243",
              "20.207.65.31",
              "20.207.65.117",
              "20.207.65.233",
              "20.207.66.77",
              "20.207.66.144",
              "20.207.66.178",
              "20.207.68.21",
              "20.207.68.143",
              "20.207.69.99",
              "20.207.69.107",
              "20.219.168.55",
              "20.219.170.81",
              "20.219.171.95",
              "20.219.173.16",
              "20.219.173.22",
              "20.219.173.67",
              "20.219.173.80",
              "20.219.173.108",
              "20.219.173.119",
              "20.192.170.13"
            ],
            "possible_outbound_ip_addresses": "20.219.172.33,20.219.172.222,20.219.172.232,20.219.172.234,20.219.173.8,20.219.173.11,20.204.238.158,20.204.238.240,20.204.239.24,20.204.239.60,20.204.239.243,20.207.65.31,20.207.65.117,20.207.65.233,20.207.66.77,20.207.66.144,20.207.66.178,20.207.68.21,20.207.68.143,20.207.69.99,20.207.69.107,20.219.168.55,20.219.170.81,20.219.171.95,20.219.173.16,20.219.173.22,20.219.173.67,20.219.173.80,20.219.173.108,20.219.173.119,20.192.170.13",
            "public_network_access_enabled": true,
            "resource_group_name": "rg-taskapp-tayyaba",
            "service_plan_id": "/subscriptions/afc81c1a-7713-4702-8fba-2636260fe13c/resourceGroups/rg-taskapp-tayyaba/providers/Microsoft.Web/serverFarms/asp-taskapp-tayyaba",
            "site_config": [
              {
                "always_on": true,
                "api_definition_url": "",
                "api_management_api_id": "",
                "app_command_line": "",
                "application_stack": [
                  {
                    "docker_image": "",
                    "docker_image_name": "taskapp-backend:latest",
                    "docker_image_tag": "",
                    "docker_registry_password": "FZMls40MLOEHk7gX6Rib7FdAxfNRKigsL6iO4gdb4ndJVxl9pD3zJQQJ99CFACGhslBEqg7NAAACAZCRe4H0",
                    "docker_registry_url": "https://acrtaskapptayyaba.azurecr.io",
                    "docker_registry_username": "acrtaskapptayyaba",
                    "dotnet_version": "",
                    "go_version": "",
                    "java_server": "",
                    "java_server_version": "",
                    "java_version": "",
                    "node_version": "",
                    "php_version": "",
                    "python_version": "",
                    "ruby_version": ""
                  }
                ],
                "auto_heal_enabled": false,
                "auto_heal_setting": [],
                "container_registry_managed_identity_client_id": "",
                "container_registry_use_managed_identity": false,
                "cors": [],
                "default_documents": [
                  "Default.htm",
                  "Default.html",
                  "Default.asp",
                  "index.htm",
                  "index.html",
                  "iisstart.htm",
                  "default.aspx",
                  "index.php",
                  "hostingstart.html"
                ],
                "detailed_error_logging_enabled": false,
                "ftps_state": "Disabled",
                "health_check_eviction_time_in_min": 0,
                "health_check_path": "",
                "http2_enabled": false,
                "ip_restriction": [],
                "ip_restriction_default_action": "Allow",
                "linux_fx_version": "DOCKER|acrtaskapptayyaba.azurecr.io/taskapp-backend:latest",
                "load_balancing_mode": "LeastRequests",
                "local_mysql_enabled": false,
                "managed_pipeline_mode": "Integrated",
                "minimum_tls_version": "1.2",
                "remote_debugging_enabled": false,
                "remote_debugging_version": "VS2022",
                "scm_ip_restriction": [],
                "scm_ip_restriction_default_action": "Allow",
                "scm_minimum_tls_version": "1.2",
                "scm_type": "None",
                "scm_use_main_ip_restriction": false,
                "use_32_bit_worker": true,
                "vnet_route_all_enabled": false,
                "websockets_enabled": false,
                "worker_count": 1
              }
            ],
            "site_credential": [
              {
                "name": "$app-taskapp-backend-tayyaba",
                "password": "8jFdgqsmjpPcaokS2Rw1yS7jw1bWEwPtbrJTqGZejkkld2romcHKjls0kyiC"
              }
            ],
            "sticky_settings": [],
            "storage_account": [],
            "tags": null,
            "timeouts": null,
            "virtual_network_subnet_id": "",
            "webdeploy_publish_basic_authentication_enabled": true,
            "zip_deploy_file": ""
          },
          "sensitive_attributes": [
            [
              {
                "type": "get_attr",
                "value": "custom_domain_verification_id"
              }
            ],
            [
              {
                "type": "get_attr",
                "value": "site_config"
              },
              {
                "type": "index",
                "value": {
                  "value": 0,
                  "type": "number"
                }
              },
              {
                "type": "get_attr",
                "value": "application_stack"
              },
              {
                "type": "index",
                "value": {
                  "value": 0,
                  "type": "number"
                }
              },
              {
                "type": "get_attr",
                "value": "docker_registry_password"
              }
            ],
            [
              {
                "type": "get_attr",
                "value": "site_credential"
              }
            ]
          ],
          "identity_schema_version": 0,
          "private": "eyJlMmJmYjczMC1lY2FhLTExZTYtOGY4OC0zNDM2M2JjN2M0YzAiOnsiY3JlYXRlIjoxODAwMDAwMDAwMDAwLCJkZWxldGUiOjE4MDAwMDAwMDAwMDAsInJlYWQiOjMwMDAwMDAwMDAwMCwidXBkYXRlIjoxODAwMDAwMDAwMDAwfSwic2NoZW1hX3ZlcnNpb24iOiIxIn0=",
          "dependencies": [
            "azurerm_container_registry.acr",
            "azurerm_mssql_database.db",
            "azurerm_mssql_server.sql",
            "azurerm_resource_group.rg",
            "azurerm_service_plan.plan"
          ]
        }
      ]
    },
    {
      "mode": "managed",
      "type": "azurerm_mssql_database",
      "name": "db",
      "provider": "provider[\"registry.terraform.io/hashicorp/azurerm\"]",
      "instances": [
        {
          "schema_version": 1,
          "attributes": {
            "auto_pause_delay_in_minutes": 0,
            "collation": "SQL_Latin1_General_CP1_CI_AS",
            "create_mode": "Default",
            "creation_source_database_id": null,
            "elastic_pool_id": "",
            "enclave_type": "",
            "geo_backup_enabled": true,
            "id": "/subscriptions/afc81c1a-7713-4702-8fba-2636260fe13c/resourceGroups/rg-taskapp-tayyaba/providers/Microsoft.Sql/servers/sql-taskapp-tayyaba/databases/db-taskapp",
            "identity": [],
            "import": [],
            "ledger_enabled": false,
            "license_type": "",
            "long_term_retention_policy": [
              {
                "immutable_backups_enabled": false,
                "monthly_retention": "PT0S",
                "week_of_year": 1,
                "weekly_retention": "PT0S",
                "yearly_retention": "PT0S"
              }
            ],
            "maintenance_configuration_name": "SQL_Default",
            "max_size_gb": 250,
            "min_capacity": 0,
            "name": "db-taskapp",
            "read_replica_count": 0,
            "read_scale": false,
            "recover_database_id": null,
            "recovery_point_id": null,
            "restore_dropped_database_id": null,
            "restore_long_term_retention_backup_id": null,
            "restore_point_in_time": null,
            "sample_name": null,
            "secondary_type": "",
            "server_id": "/subscriptions/afc81c1a-7713-4702-8fba-2636260fe13c/resourceGroups/rg-taskapp-tayyaba/providers/Microsoft.Sql/servers/sql-taskapp-tayyaba",
            "short_term_retention_policy": [
              {
                "backup_interval_in_hours": 24,
                "retention_days": 7
              }
            ],
            "sku_name": "S0",
            "storage_account_type": "Geo",
            "tags": null,
            "threat_detection_policy": [
              {
                "disabled_alerts": [],
                "email_account_admins": "Disabled",
                "email_addresses": [],
                "retention_days": 0,
                "state": "Disabled",
                "storage_account_access_key": "",
                "storage_endpoint": ""
              }
            ],
            "timeouts": null,
            "transparent_data_encryption_enabled": true,
            "transparent_data_encryption_key_automatic_rotation_enabled": false,
            "transparent_data_encryption_key_vault_key_id": "",
            "zone_redundant": false
          },
          "sensitive_attributes": [
            [
              {
                "type": "get_attr",
                "value": "threat_detection_policy"
              },
              {
                "type": "index",
                "value": {
                  "value": 0,
                  "type": "number"
                }
              },
              {
                "type": "get_attr",
                "value": "storage_account_access_key"
              }
            ]
          ],
          "identity_schema_version": 0,
          "private": "eyJlMmJmYjczMC1lY2FhLTExZTYtOGY4OC0zNDM2M2JjN2M0YzAiOnsiY3JlYXRlIjozNjAwMDAwMDAwMDAwLCJkZWxldGUiOjM2MDAwMDAwMDAwMDAsInJlYWQiOjMwMDAwMDAwMDAwMCwidXBkYXRlIjozNjAwMDAwMDAwMDAwfSwic2NoZW1hX3ZlcnNpb24iOiIxIn0=",
          "dependencies": [
            "azurerm_mssql_server.sql",
            "azurerm_resource_group.rg"
          ]
        }
      ]
    },
    {
      "mode": "managed",
      "type": "azurerm_mssql_firewall_rule",
      "name": "allow_azure",
      "provider": "provider[\"registry.terraform.io/hashicorp/azurerm\"]",
      "instances": [
        {
          "schema_version": 0,
          "attributes": {
            "end_ip_address": "0.0.0.0",
            "id": "/subscriptions/afc81c1a-7713-4702-8fba-2636260fe13c/resourceGroups/rg-taskapp-tayyaba/providers/Microsoft.Sql/servers/sql-taskapp-tayyaba/firewallRules/AllowAzureServices",
            "name": "AllowAzureServices",
            "server_id": "/subscriptions/afc81c1a-7713-4702-8fba-2636260fe13c/resourceGroups/rg-taskapp-tayyaba/providers/Microsoft.Sql/servers/sql-taskapp-tayyaba",
            "start_ip_address": "0.0.0.0",
            "timeouts": null
          },
          "sensitive_attributes": [],
          "identity_schema_version": 0,
          "private": "eyJlMmJmYjczMC1lY2FhLTExZTYtOGY4OC0zNDM2M2JjN2M0YzAiOnsiY3JlYXRlIjoxODAwMDAwMDAwMDAwLCJkZWxldGUiOjE4MDAwMDAwMDAwMDAsInJlYWQiOjMwMDAwMDAwMDAwMCwidXBkYXRlIjoxODAwMDAwMDAwMDAwfX0=",
          "dependencies": [
            "azurerm_mssql_server.sql",
            "azurerm_resource_group.rg"
          ]
        }
      ]
    },
    {
      "mode": "managed",
      "type": "azurerm_mssql_server",
      "name": "sql",
      "provider": "provider[\"registry.terraform.io/hashicorp/azurerm\"]",
      "instances": [
        {
          "schema_version": 0,
          "attributes": {
            "administrator_login": "sqladmin",
            "administrator_login_password": "TaskApp@2024!",
            "azuread_administrator": [],
            "connection_policy": "Default",
            "fully_qualified_domain_name": "sql-taskapp-tayyaba.database.windows.net",
            "id": "/subscriptions/afc81c1a-7713-4702-8fba-2636260fe13c/resourceGroups/rg-taskapp-tayyaba/providers/Microsoft.Sql/servers/sql-taskapp-tayyaba",
            "identity": [],
            "location": "centralindia",
            "minimum_tls_version": "1.2",
            "name": "sql-taskapp-tayyaba",
            "outbound_network_restriction_enabled": false,
            "primary_user_assigned_identity_id": "",
            "public_network_access_enabled": true,
            "resource_group_name": "rg-taskapp-tayyaba",
            "restorable_dropped_database_ids": [],
            "tags": null,
            "timeouts": null,
            "transparent_data_encryption_key_vault_key_id": "",
            "version": "12.0"
          },
          "sensitive_attributes": [
            [
              {
                "type": "get_attr",
                "value": "administrator_login_password"
              }
            ]
          ],
          "identity_schema_version": 0,
          "private": "eyJlMmJmYjczMC1lY2FhLTExZTYtOGY4OC0zNDM2M2JjN2M0YzAiOnsiY3JlYXRlIjozNjAwMDAwMDAwMDAwLCJkZWxldGUiOjM2MDAwMDAwMDAwMDAsInJlYWQiOjMwMDAwMDAwMDAwMCwidXBkYXRlIjozNjAwMDAwMDAwMDAwfX0=",
          "dependencies": [
            "azurerm_resource_group.rg"
          ]
        }
      ]
    },
    {
      "mode": "managed",
      "type": "azurerm_resource_group",
      "name": "rg",
      "provider": "provider[\"registry.terraform.io/hashicorp/azurerm\"]",
      "instances": [
        {
          "schema_version": 0,
          "attributes": {
            "id": "/subscriptions/afc81c1a-7713-4702-8fba-2636260fe13c/resourceGroups/rg-taskapp-tayyaba",
            "location": "centralindia",
            "managed_by": "",
            "name": "rg-taskapp-tayyaba",
            "tags": null,
            "timeouts": null
          },
          "sensitive_attributes": [],
          "identity_schema_version": 0,
          "private": "eyJlMmJmYjczMC1lY2FhLTExZTYtOGY4OC0zNDM2M2JjN2M0YzAiOnsiY3JlYXRlIjo1NDAwMDAwMDAwMDAwLCJkZWxldGUiOjU0MDAwMDAwMDAwMDAsInJlYWQiOjMwMDAwMDAwMDAwMCwidXBkYXRlIjo1NDAwMDAwMDAwMDAwfX0="
        }
      ]
    },
    {
      "mode": "managed",
      "type": "azurerm_service_plan",
      "name": "plan",
      "provider": "provider[\"registry.terraform.io/hashicorp/azurerm\"]",
      "instances": [
        {
          "schema_version": 1,
          "attributes": {
            "app_service_environment_id": "",
            "id": "/subscriptions/afc81c1a-7713-4702-8fba-2636260fe13c/resourceGroups/rg-taskapp-tayyaba/providers/Microsoft.Web/serverFarms/asp-taskapp-tayyaba",
            "kind": "linux",
            "location": "centralindia",
            "maximum_elastic_worker_count": 1,
            "name": "asp-taskapp-tayyaba",
            "os_type": "Linux",
            "per_site_scaling_enabled": false,
            "reserved": true,
            "resource_group_name": "rg-taskapp-tayyaba",
            "sku_name": "B1",
            "tags": null,
            "timeouts": null,
            "worker_count": 1,
            "zone_balancing_enabled": false
          },
          "sensitive_attributes": [],
          "identity_schema_version": 0,
          "private": "eyJlMmJmYjczMC1lY2FhLTExZTYtOGY4OC0zNDM2M2JjN2M0YzAiOnsiY3JlYXRlIjozNjAwMDAwMDAwMDAwLCJkZWxldGUiOjM2MDAwMDAwMDAwMDAsInJlYWQiOjMwMDAwMDAwMDAwMCwidXBkYXRlIjozNjAwMDAwMDAwMDAwfSwic2NoZW1hX3ZlcnNpb24iOiIxIn0=",
          "dependencies": [
            "azurerm_resource_group.rg"
          ]
        }
      ]
    },
    {
      "mode": "managed",
      "type": "azurerm_static_web_app",
      "name": "frontend",
      "provider": "provider[\"registry.terraform.io/hashicorp/azurerm\"]",
      "instances": [
        {
          "schema_version": 0,
          "attributes": {
            "api_key": "bf5f750780a9afcda4c3fc562139c420e71f7e3d4b290b2ade00402b079e182d07-bb7b15d5-97ed-475f-ac36-b6ba4a0449ef0000706054c15a00",
            "app_settings": null,
            "basic_auth": [],
            "configuration_file_changes_enabled": true,
            "default_host_name": "mango-ground-054c15a00.7.azurestaticapps.net",
            "id": "/subscriptions/afc81c1a-7713-4702-8fba-2636260fe13c/resourceGroups/rg-taskapp-tayyaba/providers/Microsoft.Web/staticSites/stapp-taskapp-tayyaba",
            "identity": [],
            "location": "eastasia",
            "name": "stapp-taskapp-tayyaba",
            "preview_environments_enabled": true,
            "resource_group_name": "rg-taskapp-tayyaba",
            "sku_size": "Free",
            "sku_tier": "Free",
            "tags": null,
            "timeouts": null
          },
          "sensitive_attributes": [
            [
              {
                "type": "get_attr",
                "value": "api_key"
              }
            ]
          ],
          "identity_schema_version": 0,
          "private": "eyJlMmJmYjczMC1lY2FhLTExZTYtOGY4OC0zNDM2M2JjN2M0YzAiOnsiY3JlYXRlIjoxODAwMDAwMDAwMDAwLCJkZWxldGUiOjE4MDAwMDAwMDAwMDAsInJlYWQiOjMwMDAwMDAwMDAwMCwidXBkYXRlIjoxODAwMDAwMDAwMDAwfX0=",
          "dependencies": [
            "azurerm_resource_group.rg"
          ]
        }
      ]
    }
  ],
  "check_results": null
}
